
Microsoft Visual Studio Solution File, Format Version 12.00
# Visual Studio Version 16
VisualStudioVersion = 16.0.30225.117
MinimumVisualStudioVersion = 10.0.40219.1
Project("{FAE04EC0-301F-11D3-BF4B-00C04F79EFBC}") = "HTOL", "HTOL\HTOL.csproj", "{4392B28B-5E22-4911-B949-46DFDCA58A5B}"
EndProject
Global
	GlobalSection(SolutionConfigurationPlatforms) = preSolution
		Debug|Any CPU = Debug|Any CPU
		Release|Any CPU = Release|Any CPU
	EndGlobalSection
	GlobalSection(ProjectConfigurationPlatforms) = postSolution
		{4392B28B-5E22-4911-B949-46DFDCA58A5B}.Debug|Any CPU.ActiveCfg = Debug|Any CPU
		{4392B28B-5E22-4911-B949-46DFDCA58A5B}.Debug|Any CPU.Build.0 = Debug|Any CPU
		{4392B28B-5E22-4911-B949-46DFDCA58A5B}.Release|Any CPU.ActiveCfg = Release|Any CPU
		{4392B28B-5E22-4911-B949-46DFDCA58A5B}.Release|Any CPU.Build.0 = Release|Any CPU
	EndGlobalSection
	GlobalSection(SolutionProperties) = preSolution
		HideSolutionNode = FALSE
	EndGlobalSection
	GlobalSection(ExtensibilityGlobals) = postSolution
		SolutionGuid = {FE11918D-9C39-46D4-98B4-9871AE8F4173}
	EndGlobalSection
EndGlobal
